
Microsoft Visual Studio Solution File, Format Version 12.00
# Visual Studio Version 16
VisualStudioVersion = 16.0.31005.135
MinimumVisualStudioVersion = 10.0.40219.1
Project("{9A19103F-16F7-4668-BE54-9A1E7A4F7556}") = "Edi.Interfaces", "Edi.Interfaces\Edi.Interfaces.csproj", "{EB4D6A05-81D9-4CD8-9A03-C5342EE4C9EB}"
EndProject
Project("{9A19103F-16F7-4668-BE54-9A1E7A4F7556}") = "Edi.Util", "Edi.Util\Edi.Util.csproj", "{52E2DB67-5105-4C92-B595-0660F5EE4AED}"
EndProject
Project("{9A19103F-16F7-4668-BE54-9A1E7A4F7556}") = "ICSharpCode.AvalonEdit", "ICSharpCode.AvalonEdit\ICSharpCode.AvalonEdit.csproj", "{D5E9B46E-8419-4692-9FB6-5C6C6B55A597}"
EndProject
Project("{9A19103F-16F7-4668-BE54-9A1E7A4F7556}") = "Edi.Settings", "Edi.Settings\Edi.Settings.csproj", "{3A044475-8346-41F2-9A10-DF033FB35D1E}"
EndProject
Project("{2150E333-8FDC-42A3-9474-1A3956D46DE8}") = "Settings", "Settings", "{2CF05252-8161-436C-90EA-E2B82D0E295B}"
EndProject
Project("{9A19103F-16F7-4668-BE54-9A1E7A4F7556}") = "Edi.Themes", "Edi.Themes\Edi.Themes.csproj", "{1601D003-96F6-45AE-B186-369022370AB6}"
EndProject
Project("{9A19103F-16F7-4668-BE54-9A1E7A4F7556}") = "MiniUML.Framework", "MiniUML.Framework\MiniUML.Framework.csproj", "{4814D745-D710-4550-B00A-8D6E4D55F008}"
EndProject
Project("{2150E333-8FDC-42A3-9474-1A3956D46DE8}") = "Uml", "Uml", "{D972FA5B-EB9B-4A6A-821C-07907A3CC522}"
EndProject
Project("{9A19103F-16F7-4668-BE54-9A1E7A4F7556}") = "MiniUML.Model", "MiniUML.Model\MiniUML.Model.csproj", "{08734D89-9FBA-4241-A034-AEF895B83532}"
EndProject
Project("{9A19103F-16F7-4668-BE54-9A1E7A4F7556}") = "MiniUML.View", "MiniUML.View\MiniUML.View.csproj", "{C6B05DEA-B891-4B4F-A130-E26F6F7E1169}"
EndProject
Project("{9A19103F-16F7-4668-BE54-9A1E7A4F7556}") = "Edi.SettingsView", "Edi.SettingsView\Edi.SettingsView.csproj", "{5C772677-CFA7-4C08-B2A1-7874F8391EE6}"
EndProject
Project("{2150E333-8FDC-42A3-9474-1A3956D46DE8}") = "Tools", "Tools", "{360464A5-858F-411F-826E-1F32D3708FC8}"
EndProject
Project("{2150E333-8FDC-42A3-9474-1A3956D46DE8}") = "Base", "Base", "{7144D5D8-FFC9-4E55-AE2C-E5F6123612A6}"
EndProject
Project("{9A19103F-16F7-4668-BE54-9A1E7A4F7556}") = "Log4NetTools", "Log4NetTools\Log4NetTools.csproj", "{725A4088-7C66-451B-A1F2-0A21C4BB9E9C}"
EndProject
Project("{9A19103F-16F7-4668-BE54-9A1E7A4F7556}") = "Edi.Documents", "Edi.Documents\Edi.Documents.csproj", "{5EC37D4C-D4FF-420A-8C28-0A3322F33F4C}"
EndProject
Project("{9A19103F-16F7-4668-BE54-9A1E7A4F7556}") = "Edi.Dialogs", "Edi.Dialogs\Edi.Dialogs.csproj", "{70832A0C-280C-427C-88FF-A4DE03F57125}"
EndProject
Project("{9A19103F-16F7-4668-BE54-9A1E7A4F7556}") = "Edi.Core", "Edi.Core\Edi.Core.csproj", "{25C23E21-AC93-4000-BB7C-E59CA4E5C636}"
EndProject
Project("{9A19103F-16F7-4668-BE54-9A1E7A4F7556}") = "Edi.Apps", "Edi.Apps\Edi.Apps.csproj", "{D37767FA-181E-4825-85B3-FEB0E6551ED0}"
EndProject
Project("{9A19103F-16F7-4668-BE54-9A1E7A4F7556}") = "Edi", "Edi\Edi.csproj", "{24A9F7F8-6457-4637-BF42-DC60D684FC78}"
EndProject
Project("{9A19103F-16F7-4668-BE54-9A1E7A4F7556}") = "FileSystemModels", "FileSystemModels\FileSystemModels.csproj", "{B12FAABA-44E3-4537-8819-DEC2349D35FA}"
EndProject
Project("{9A19103F-16F7-4668-BE54-9A1E7A4F7556}") = "SimpleControls", "SimpleControls\SimpleControls.csproj", "{5A923585-36B8-452B-A3AF-AA62F214E8CC}"
EndProject
Project("{9A19103F-16F7-4668-BE54-9A1E7A4F7556}") = "Files", "Files\Files.csproj", "{0774FB8E-D5EB-4C03-8A5D-6CCA537637DD}"
EndProject
Project("{9A19103F-16F7-4668-BE54-9A1E7A4F7556}") = "Output", "Output\Output.csproj", "{B1025B64-A9BE-484C-85E7-AB2F59D794B6}"
EndProject
Project("{9A19103F-16F7-4668-BE54-9A1E7A4F7556}") = "FileListView", "FileListView\FileListView.csproj", "{F940B8E8-0B7B-4A79-B379-9B5F49A9DC32}"
EndProject
Project("{9A19103F-16F7-4668-BE54-9A1E7A4F7556}") = "FilterControlsLib", "FilterControlsLib\FilterControlsLib.csproj", "{9DB3A8FA-3889-4964-AA00-B7EE3A0C6FC3}"
EndProject
Project("{9A19103F-16F7-4668-BE54-9A1E7A4F7556}") = "FolderBrowser", "FolderBrowser\FolderBrowser.csproj", "{FD09F629-B737-4E03-A3AD-256B0A985795}"
EndProject
Project("{9A19103F-16F7-4668-BE54-9A1E7A4F7556}") = "FolderControlsLib", "FolderControlsLib\FolderControlsLib.csproj", "{1E46A06F-DE34-4C2C-A498-3CBF37C24A83}"
EndProject
Project("{9A19103F-16F7-4668-BE54-9A1E7A4F7556}") = "InplaceEditBoxLib", "InplaceEditBoxLib\InplaceEditBoxLib.csproj", "{6AACB4C4-E075-4ABF-8C30-F0308BCFF786}"
EndProject
Project("{9A19103F-16F7-4668-BE54-9A1E7A4F7556}") = "WatermarkControlsLib", "WatermarkControlsLib\WatermarkControlsLib.csproj", "{51B16E02-A9AC-40E0-BA06-0E3C8104139B}"
EndProject
Project("{9A19103F-16F7-4668-BE54-9A1E7A4F7556}") = "UnitComboLib", "UnitComboLib\UnitComboLib.csproj", "{C90AEF43-A8D0-49D6-80D8-8C97544A0A5F}"
EndProject
Project("{9A19103F-16F7-4668-BE54-9A1E7A4F7556}") = "NumericUpDownLib", "NumericUpDownLib\NumericUpDownLib.csproj", "{3D6E007B-830F-46A6-BD9A-1ED4095F9294}"
EndProject
Project("{9A19103F-16F7-4668-BE54-9A1E7A4F7556}") = "DropDownButtonLib", "DropDownButtonLib\DropDownButtonLib.csproj", "{A7C0AB97-D3D2-4831-B291-3E6E59357D53}"
EndProject
Project("{9A19103F-16F7-4668-BE54-9A1E7A4F7556}") = "HistoryControlLib", "HistoryControlLib\HistoryControlLib.csproj", "{0852CE4E-C1EA-4F12-9233-60D44D3C6828}"
EndProject
Project("{9A19103F-16F7-4668-BE54-9A1E7A4F7556}") = "MsgBox", "MsgBox\MsgBox.csproj", "{7C540D3C-B3DE-4D5A-8C08-F7D5EAD99721}"
EndProject
Project("{9A19103F-16F7-4668-BE54-9A1E7A4F7556}") = "MLib", "MLib\MLib.csproj", "{1B152CDA-C63D-4F94-BE41-ABB84DE29CC0}"
EndProject
Project("{9A19103F-16F7-4668-BE54-9A1E7A4F7556}") = "MWindowLib", "MWindowLib\MWindowLib.csproj", "{A6FF18B3-7612-4619-8144-7367735865DD}"
EndProject
Project("{9A19103F-16F7-4668-BE54-9A1E7A4F7556}") = "MWindowInterfacesLib", "MWindowInterfacesLib\MWindowInterfacesLib.csproj", "{813B3144-E31C-4A81-B16F-7F45E61DEE5E}"
EndProject
Project("{9A19103F-16F7-4668-BE54-9A1E7A4F7556}") = "MRULib", "MRULib\MRULib.csproj", "{81A8A6FA-828E-4267-A613-AD9B36FC50F0}"
EndProject
Project("{9A19103F-16F7-4668-BE54-9A1E7A4F7556}") = "Black.Beard.Common", "Black.Beard.Common\Black.Beard.Common.csproj", "{F8F2ED42-CD7D-4350-A89A-2CECBCEFB503}"
EndProject
Project("{9A19103F-16F7-4668-BE54-9A1E7A4F7556}") = "Black.Beard.Ioc", "Black.Beard.Ioc\Black.Beard.Ioc.csproj", "{AD3A563C-72C0-4EC3-A605-6CAD312DF15A}"
EndProject
Project("{FAE04EC0-301F-11D3-BF4B-00C04F79EFBC}") = "MiniUML.Plugins.UmlClassDiagram", "MiniUML.Plugins.UmlClassDiagram\MiniUML.Plugins.UmlClassDiagram.csproj", "{C0FA610E-8C30-4969-B583-A8022B4B879C}"
EndProject
Global
	GlobalSection(SolutionConfigurationPlatforms) = preSolution
		Debug|Any CPU = Debug|Any CPU
		Release|Any CPU = Release|Any CPU
	EndGlobalSection
	GlobalSection(ProjectConfigurationPlatforms) = postSolution
		{EB4D6A05-81D9-4CD8-9A03-C5342EE4C9EB}.Debug|Any CPU.ActiveCfg = Debug|Any CPU
		{EB4D6A05-81D9-4CD8-9A03-C5342EE4C9EB}.Debug|Any CPU.Build.0 = Debug|Any CPU
		{EB4D6A05-81D9-4CD8-9A03-C5342EE4C9EB}.Release|Any CPU.ActiveCfg = Release|Any CPU
		{EB4D6A05-81D9-4CD8-9A03-C5342EE4C9EB}.Release|Any CPU.Build.0 = Release|Any CPU
		{52E2DB67-5105-4C92-B595-0660F5EE4AED}.Debug|Any CPU.ActiveCfg = Debug|Any CPU
		{52E2DB67-5105-4C92-B595-0660F5EE4AED}.Debug|Any CPU.Build.0 = Debug|Any CPU
		{52E2DB67-5105-4C92-B595-0660F5EE4AED}.Release|Any CPU.ActiveCfg = Release|Any CPU
		{52E2DB67-5105-4C92-B595-0660F5EE4AED}.Release|Any CPU.Build.0 = Release|Any CPU
		{D5E9B46E-8419-4692-9FB6-5C6C6B55A597}.Debug|Any CPU.ActiveCfg = Debug|Any CPU
		{D5E9B46E-8419-4692-9FB6-5C6C6B55A597}.Debug|Any CPU.Build.0 = Debug|Any CPU
		{D5E9B46E-8419-4692-9FB6-5C6C6B55A597}.Release|Any CPU.ActiveCfg = Release|Any CPU
		{D5E9B46E-8419-4692-9FB6-5C6C6B55A597}.Release|Any CPU.Build.0 = Release|Any CPU
		{3A044475-8346-41F2-9A10-DF033FB35D1E}.Debug|Any CPU.ActiveCfg = Debug|Any CPU
		{3A044475-8346-41F2-9A10-DF033FB35D1E}.Debug|Any CPU.Build.0 = Debug|Any CPU
		{3A044475-8346-41F2-9A10-DF033FB35D1E}.Release|Any CPU.ActiveCfg = Release|Any CPU
		{3A044475-8346-41F2-9A10-DF033FB35D1E}.Release|Any CPU.Build.0 = Release|Any CPU
		{1601D003-96F6-45AE-B186-369022370AB6}.Debug|Any CPU.ActiveCfg = Debug|Any CPU
		{1601D003-96F6-45AE-B186-369022370AB6}.Debug|Any CPU.Build.0 = Debug|Any CPU
		{1601D003-96F6-45AE-B186-369022370AB6}.Release|Any CPU.ActiveCfg = Release|Any CPU
		{1601D003-96F6-45AE-B186-369022370AB6}.Release|Any CPU.Build.0 = Release|Any CPU
		{4814D745-D710-4550-B00A-8D6E4D55F008}.Debug|Any CPU.ActiveCfg = Debug|Any CPU
		{4814D745-D710-4550-B00A-8D6E4D55F008}.Debug|Any CPU.Build.0 = Debug|Any CPU
		{4814D745-D710-4550-B00A-8D6E4D55F008}.Release|Any CPU.ActiveCfg = Release|Any CPU
		{4814D745-D710-4550-B00A-8D6E4D55F008}.Release|Any CPU.Build.0 = Release|Any CPU
		{08734D89-9FBA-4241-A034-AEF895B83532}.Debug|Any CPU.ActiveCfg = Debug|Any CPU
		{08734D89-9FBA-4241-A034-AEF895B83532}.Debug|Any CPU.Build.0 = Debug|Any CPU
		{08734D89-9FBA-4241-A034-AEF895B83532}.Release|Any CPU.ActiveCfg = Release|Any CPU
		{08734D89-9FBA-4241-A034-AEF895B83532}.Release|Any CPU.Build.0 = Release|Any CPU
		{C6B05DEA-B891-4B4F-A130-E26F6F7E1169}.Debug|Any CPU.ActiveCfg = Debug|Any CPU
		{C6B05DEA-B891-4B4F-A130-E26F6F7E1169}.Debug|Any CPU.Build.0 = Debug|Any CPU
		{C6B05DEA-B891-4B4F-A130-E26F6F7E1169}.Release|Any CPU.ActiveCfg = Release|Any CPU
		{C6B05DEA-B891-4B4F-A130-E26F6F7E1169}.Release|Any CPU.Build.0 = Release|Any CPU
		{5C772677-CFA7-4C08-B2A1-7874F8391EE6}.Debug|Any CPU.ActiveCfg = Debug|Any CPU
		{5C772677-CFA7-4C08-B2A1-7874F8391EE6}.Debug|Any CPU.Build.0 = Debug|Any CPU
		{5C772677-CFA7-4C08-B2A1-7874F8391EE6}.Release|Any CPU.ActiveCfg = Release|Any CPU
		{5C772677-CFA7-4C08-B2A1-7874F8391EE6}.Release|Any CPU.Build.0 = Release|Any CPU
		{725A4088-7C66-451B-A1F2-0A21C4BB9E9C}.Debug|Any CPU.ActiveCfg = Debug|Any CPU
		{725A4088-7C66-451B-A1F2-0A21C4BB9E9C}.Debug|Any CPU.Build.0 = Debug|Any CPU
		{725A4088-7C66-451B-A1F2-0A21C4BB9E9C}.Release|Any CPU.ActiveCfg = Release|Any CPU
		{725A4088-7C66-451B-A1F2-0A21C4BB9E9C}.Release|Any CPU.Build.0 = Release|Any CPU
		{5EC37D4C-D4FF-420A-8C28-0A3322F33F4C}.Debug|Any CPU.ActiveCfg = Debug|Any CPU
		{5EC37D4C-D4FF-420A-8C28-0A3322F33F4C}.Debug|Any CPU.Build.0 = Debug|Any CPU
		{5EC37D4C-D4FF-420A-8C28-0A3322F33F4C}.Release|Any CPU.ActiveCfg = Release|Any CPU
		{5EC37D4C-D4FF-420A-8C28-0A3322F33F4C}.Release|Any CPU.Build.0 = Release|Any CPU
		{70832A0C-280C-427C-88FF-A4DE03F57125}.Debug|Any CPU.ActiveCfg = Debug|Any CPU
		{70832A0C-280C-427C-88FF-A4DE03F57125}.Debug|Any CPU.Build.0 = Debug|Any CPU
		{70832A0C-280C-427C-88FF-A4DE03F57125}.Release|Any CPU.ActiveCfg = Release|Any CPU
		{70832A0C-280C-427C-88FF-A4DE03F57125}.Release|Any CPU.Build.0 = Release|Any CPU
		{25C23E21-AC93-4000-BB7C-E59CA4E5C636}.Debug|Any CPU.ActiveCfg = Debug|Any CPU
		{25C23E21-AC93-4000-BB7C-E59CA4E5C636}.Debug|Any CPU.Build.0 = Debug|Any CPU
		{25C23E21-AC93-4000-BB7C-E59CA4E5C636}.Release|Any CPU.ActiveCfg = Release|Any CPU
		{25C23E21-AC93-4000-BB7C-E59CA4E5C636}.Release|Any CPU.Build.0 = Release|Any CPU
		{D37767FA-181E-4825-85B3-FEB0E6551ED0}.Debug|Any CPU.ActiveCfg = Debug|Any CPU
		{D37767FA-181E-4825-85B3-FEB0E6551ED0}.Debug|Any CPU.Build.0 = Debug|Any CPU
		{D37767FA-181E-4825-85B3-FEB0E6551ED0}.Release|Any CPU.ActiveCfg = Release|Any CPU
		{D37767FA-181E-4825-85B3-FEB0E6551ED0}.Release|Any CPU.Build.0 = Release|Any CPU
		{24A9F7F8-6457-4637-BF42-DC60D684FC78}.Debug|Any CPU.ActiveCfg = Debug|Any CPU
		{24A9F7F8-6457-4637-BF42-DC60D684FC78}.Debug|Any CPU.Build.0 = Debug|Any CPU
		{24A9F7F8-6457-4637-BF42-DC60D684FC78}.Release|Any CPU.ActiveCfg = Release|Any CPU
		{24A9F7F8-6457-4637-BF42-DC60D684FC78}.Release|Any CPU.Build.0 = Release|Any CPU
		{B12FAABA-44E3-4537-8819-DEC2349D35FA}.Debug|Any CPU.ActiveCfg = Debug|Any CPU
		{B12FAABA-44E3-4537-8819-DEC2349D35FA}.Debug|Any CPU.Build.0 = Debug|Any CPU
		{B12FAABA-44E3-4537-8819-DEC2349D35FA}.Release|Any CPU.ActiveCfg = Release|Any CPU
		{B12FAABA-44E3-4537-8819-DEC2349D35FA}.Release|Any CPU.Build.0 = Release|Any CPU
		{5A923585-36B8-452B-A3AF-AA62F214E8CC}.Debug|Any CPU.ActiveCfg = Debug|Any CPU
		{5A923585-36B8-452B-A3AF-AA62F214E8CC}.Debug|Any CPU.Build.0 = Debug|Any CPU
		{5A923585-36B8-452B-A3AF-AA62F214E8CC}.Release|Any CPU.ActiveCfg = Release|Any CPU
		{5A923585-36B8-452B-A3AF-AA62F214E8CC}.Release|Any CPU.Build.0 = Release|Any CPU
		{0774FB8E-D5EB-4C03-8A5D-6CCA537637DD}.Debug|Any CPU.ActiveCfg = Debug|Any CPU
		{0774FB8E-D5EB-4C03-8A5D-6CCA537637DD}.Debug|Any CPU.Build.0 = Debug|Any CPU
		{0774FB8E-D5EB-4C03-8A5D-6CCA537637DD}.Release|Any CPU.ActiveCfg = Release|Any CPU
		{0774FB8E-D5EB-4C03-8A5D-6CCA537637DD}.Release|Any CPU.Build.0 = Release|Any CPU
		{B1025B64-A9BE-484C-85E7-AB2F59D794B6}.Debug|Any CPU.ActiveCfg = Debug|Any CPU
		{B1025B64-A9BE-484C-85E7-AB2F59D794B6}.Debug|Any CPU.Build.0 = Debug|Any CPU
		{B1025B64-A9BE-484C-85E7-AB2F59D794B6}.Release|Any CPU.ActiveCfg = Release|Any CPU
		{B1025B64-A9BE-484C-85E7-AB2F59D794B6}.Release|Any CPU.Build.0 = Release|Any CPU
		{F940B8E8-0B7B-4A79-B379-9B5F49A9DC32}.Debug|Any CPU.ActiveCfg = Debug|Any CPU
		{F940B8E8-0B7B-4A79-B379-9B5F49A9DC32}.Debug|Any CPU.Build.0 = Debug|Any CPU
		{F940B8E8-0B7B-4A79-B379-9B5F49A9DC32}.Release|Any CPU.ActiveCfg = Release|Any CPU
		{F940B8E8-0B7B-4A79-B379-9B5F49A9DC32}.Release|Any CPU.Build.0 = Release|Any CPU
		{9DB3A8FA-3889-4964-AA00-B7EE3A0C6FC3}.Debug|Any CPU.ActiveCfg = Debug|Any CPU
		{9DB3A8FA-3889-4964-AA00-B7EE3A0C6FC3}.Debug|Any CPU.Build.0 = Debug|Any CPU
		{9DB3A8FA-3889-4964-AA00-B7EE3A0C6FC3}.Release|Any CPU.ActiveCfg = Release|Any CPU
		{9DB3A8FA-3889-4964-AA00-B7EE3A0C6FC3}.Release|Any CPU.Build.0 = Release|Any CPU
		{FD09F629-B737-4E03-A3AD-256B0A985795}.Debug|Any CPU.ActiveCfg = Debug|Any CPU
		{FD09F629-B737-4E03-A3AD-256B0A985795}.Debug|Any CPU.Build.0 = Debug|Any CPU
		{FD09F629-B737-4E03-A3AD-256B0A985795}.Release|Any CPU.ActiveCfg = Release|Any CPU
		{FD09F629-B737-4E03-A3AD-256B0A985795}.Release|Any CPU.Build.0 = Release|Any CPU
		{1E46A06F-DE34-4C2C-A498-3CBF37C24A83}.Debug|Any CPU.ActiveCfg = Debug|Any CPU
		{1E46A06F-DE34-4C2C-A498-3CBF37C24A83}.Debug|Any CPU.Build.0 = Debug|Any CPU
		{1E46A06F-DE34-4C2C-A498-3CBF37C24A83}.Release|Any CPU.ActiveCfg = Release|Any CPU
		{1E46A06F-DE34-4C2C-A498-3CBF37C24A83}.Release|Any CPU.Build.0 = Release|Any CPU
		{6AACB4C4-E075-4ABF-8C30-F0308BCFF786}.Debug|Any CPU.ActiveCfg = Debug|Any CPU
		{6AACB4C4-E075-4ABF-8C30-F0308BCFF786}.Debug|Any CPU.Build.0 = Debug|Any CPU
		{6AACB4C4-E075-4ABF-8C30-F0308BCFF786}.Release|Any CPU.ActiveCfg = Release|Any CPU
		{6AACB4C4-E075-4ABF-8C30-F0308BCFF786}.Release|Any CPU.Build.0 = Release|Any CPU
		{51B16E02-A9AC-40E0-BA06-0E3C8104139B}.Debug|Any CPU.ActiveCfg = Debug|Any CPU
		{51B16E02-A9AC-40E0-BA06-0E3C8104139B}.Debug|Any CPU.Build.0 = Debug|Any CPU
		{51B16E02-A9AC-40E0-BA06-0E3C8104139B}.Release|Any CPU.ActiveCfg = Release|Any CPU
		{51B16E02-A9AC-40E0-BA06-0E3C8104139B}.Release|Any CPU.Build.0 = Release|Any CPU
		{C90AEF43-A8D0-49D6-80D8-8C97544A0A5F}.Debug|Any CPU.ActiveCfg = Debug|Any CPU
		{C90AEF43-A8D0-49D6-80D8-8C97544A0A5F}.Debug|Any CPU.Build.0 = Debug|Any CPU
		{C90AEF43-A8D0-49D6-80D8-8C97544A0A5F}.Release|Any CPU.ActiveCfg = Release|Any CPU
		{C90AEF43-A8D0-49D6-80D8-8C97544A0A5F}.Release|Any CPU.Build.0 = Release|Any CPU
		{3D6E007B-830F-46A6-BD9A-1ED4095F9294}.Debug|Any CPU.ActiveCfg = Debug|Any CPU
		{3D6E007B-830F-46A6-BD9A-1ED4095F9294}.Debug|Any CPU.Build.0 = Debug|Any CPU
		{3D6E007B-830F-46A6-BD9A-1ED4095F9294}.Release|Any CPU.ActiveCfg = Release|Any CPU
		{3D6E007B-830F-46A6-BD9A-1ED4095F9294}.Release|Any CPU.Build.0 = Release|Any CPU
		{A7C0AB97-D3D2-4831-B291-3E6E59357D53}.Debug|Any CPU.ActiveCfg = Debug|Any CPU
		{A7C0AB97-D3D2-4831-B291-3E6E59357D53}.Debug|Any CPU.Build.0 = Debug|Any CPU
		{A7C0AB97-D3D2-4831-B291-3E6E59357D53}.Release|Any CPU.ActiveCfg = Release|Any CPU
		{A7C0AB97-D3D2-4831-B291-3E6E59357D53}.Release|Any CPU.Build.0 = Release|Any CPU
		{0852CE4E-C1EA-4F12-9233-60D44D3C6828}.Debug|Any CPU.ActiveCfg = Debug|Any CPU
		{0852CE4E-C1EA-4F12-9233-60D44D3C6828}.Debug|Any CPU.Build.0 = Debug|Any CPU
		{0852CE4E-C1EA-4F12-9233-60D44D3C6828}.Release|Any CPU.ActiveCfg = Release|Any CPU
		{0852CE4E-C1EA-4F12-9233-60D44D3C6828}.Release|Any CPU.Build.0 = Release|Any CPU
		{7C540D3C-B3DE-4D5A-8C08-F7D5EAD99721}.Debug|Any CPU.ActiveCfg = Debug|Any CPU
		{7C540D3C-B3DE-4D5A-8C08-F7D5EAD99721}.Debug|Any CPU.Build.0 = Debug|Any CPU
		{7C540D3C-B3DE-4D5A-8C08-F7D5EAD99721}.Release|Any CPU.ActiveCfg = Release|Any CPU
		{7C540D3C-B3DE-4D5A-8C08-F7D5EAD99721}.Release|Any CPU.Build.0 = Release|Any CPU
		{1B152CDA-C63D-4F94-BE41-ABB84DE29CC0}.Debug|Any CPU.ActiveCfg = Debug|Any CPU
		{1B152CDA-C63D-4F94-BE41-ABB84DE29CC0}.Debug|Any CPU.Build.0 = Debug|Any CPU
		{1B152CDA-C63D-4F94-BE41-ABB84DE29CC0}.Release|Any CPU.ActiveCfg = Release|Any CPU
		{1B152CDA-C63D-4F94-BE41-ABB84DE29CC0}.Release|Any CPU.Build.0 = Release|Any CPU
		{A6FF18B3-7612-4619-8144-7367735865DD}.Debug|Any CPU.ActiveCfg = Debug|Any CPU
		{A6FF18B3-7612-4619-8144-7367735865DD}.Debug|Any CPU.Build.0 = Debug|Any CPU
		{A6FF18B3-7612-4619-8144-7367735865DD}.Release|Any CPU.ActiveCfg = Release|Any CPU
		{A6FF18B3-7612-4619-8144-7367735865DD}.Release|Any CPU.Build.0 = Release|Any CPU
		{813B3144-E31C-4A81-B16F-7F45E61DEE5E}.Debug|Any CPU.ActiveCfg = Debug|Any CPU
		{813B3144-E31C-4A81-B16F-7F45E61DEE5E}.Debug|Any CPU.Build.0 = Debug|Any CPU
		{813B3144-E31C-4A81-B16F-7F45E61DEE5E}.Release|Any CPU.ActiveCfg = Release|Any CPU
		{813B3144-E31C-4A81-B16F-7F45E61DEE5E}.Release|Any CPU.Build.0 = Release|Any CPU
		{81A8A6FA-828E-4267-A613-AD9B36FC50F0}.Debug|Any CPU.ActiveCfg = Debug|Any CPU
		{81A8A6FA-828E-4267-A613-AD9B36FC50F0}.Debug|Any CPU.Build.0 = Debug|Any CPU
		{81A8A6FA-828E-4267-A613-AD9B36FC50F0}.Release|Any CPU.ActiveCfg = Release|Any CPU
		{81A8A6FA-828E-4267-A613-AD9B36FC50F0}.Release|Any CPU.Build.0 = Release|Any CPU
		{F8F2ED42-CD7D-4350-A89A-2CECBCEFB503}.Debug|Any CPU.ActiveCfg = Debug|Any CPU
		{F8F2ED42-CD7D-4350-A89A-2CECBCEFB503}.Debug|Any CPU.Build.0 = Debug|Any CPU
		{F8F2ED42-CD7D-4350-A89A-2CECBCEFB503}.Release|Any CPU.ActiveCfg = Release|Any CPU
		{F8F2ED42-CD7D-4350-A89A-2CECBCEFB503}.Release|Any CPU.Build.0 = Release|Any CPU
		{AD3A563C-72C0-4EC3-A605-6CAD312DF15A}.Debug|Any CPU.ActiveCfg = Debug|Any CPU
		{AD3A563C-72C0-4EC3-A605-6CAD312DF15A}.Debug|Any CPU.Build.0 = Debug|Any CPU
		{AD3A563C-72C0-4EC3-A605-6CAD312DF15A}.Release|Any CPU.ActiveCfg = Release|Any CPU
		{AD3A563C-72C0-4EC3-A605-6CAD312DF15A}.Release|Any CPU.Build.0 = Release|Any CPU
		{C0FA610E-8C30-4969-B583-A8022B4B879C}.Debug|Any CPU.ActiveCfg = Debug|Any CPU
		{C0FA610E-8C30-4969-B583-A8022B4B879C}.Debug|Any CPU.Build.0 = Debug|Any CPU
		{C0FA610E-8C30-4969-B583-A8022B4B879C}.Release|Any CPU.ActiveCfg = Release|Any CPU
		{C0FA610E-8C30-4969-B583-A8022B4B879C}.Release|Any CPU.Build.0 = Release|Any CPU
	EndGlobalSection
	GlobalSection(SolutionProperties) = preSolution
		HideSolutionNode = FALSE
	EndGlobalSection
	GlobalSection(NestedProjects) = preSolution
		{3A044475-8346-41F2-9A10-DF033FB35D1E} = {2CF05252-8161-436C-90EA-E2B82D0E295B}
		{4814D745-D710-4550-B00A-8D6E4D55F008} = {D972FA5B-EB9B-4A6A-821C-07907A3CC522}
		{08734D89-9FBA-4241-A034-AEF895B83532} = {D972FA5B-EB9B-4A6A-821C-07907A3CC522}
		{C6B05DEA-B891-4B4F-A130-E26F6F7E1169} = {D972FA5B-EB9B-4A6A-821C-07907A3CC522}
		{5C772677-CFA7-4C08-B2A1-7874F8391EE6} = {2CF05252-8161-436C-90EA-E2B82D0E295B}
		{725A4088-7C66-451B-A1F2-0A21C4BB9E9C} = {360464A5-858F-411F-826E-1F32D3708FC8}
		{B12FAABA-44E3-4537-8819-DEC2349D35FA} = {360464A5-858F-411F-826E-1F32D3708FC8}
		{0774FB8E-D5EB-4C03-8A5D-6CCA537637DD} = {360464A5-858F-411F-826E-1F32D3708FC8}
		{B1025B64-A9BE-484C-85E7-AB2F59D794B6} = {360464A5-858F-411F-826E-1F32D3708FC8}
		{F940B8E8-0B7B-4A79-B379-9B5F49A9DC32} = {360464A5-858F-411F-826E-1F32D3708FC8}
		{9DB3A8FA-3889-4964-AA00-B7EE3A0C6FC3} = {360464A5-858F-411F-826E-1F32D3708FC8}
		{FD09F629-B737-4E03-A3AD-256B0A985795} = {360464A5-858F-411F-826E-1F32D3708FC8}
		{1E46A06F-DE34-4C2C-A498-3CBF37C24A83} = {360464A5-858F-411F-826E-1F32D3708FC8}
		{6AACB4C4-E075-4ABF-8C30-F0308BCFF786} = {360464A5-858F-411F-826E-1F32D3708FC8}
		{51B16E02-A9AC-40E0-BA06-0E3C8104139B} = {360464A5-858F-411F-826E-1F32D3708FC8}
		{C90AEF43-A8D0-49D6-80D8-8C97544A0A5F} = {360464A5-858F-411F-826E-1F32D3708FC8}
		{3D6E007B-830F-46A6-BD9A-1ED4095F9294} = {360464A5-858F-411F-826E-1F32D3708FC8}
		{A7C0AB97-D3D2-4831-B291-3E6E59357D53} = {360464A5-858F-411F-826E-1F32D3708FC8}
		{0852CE4E-C1EA-4F12-9233-60D44D3C6828} = {360464A5-858F-411F-826E-1F32D3708FC8}
		{7C540D3C-B3DE-4D5A-8C08-F7D5EAD99721} = {360464A5-858F-411F-826E-1F32D3708FC8}
		{1B152CDA-C63D-4F94-BE41-ABB84DE29CC0} = {360464A5-858F-411F-826E-1F32D3708FC8}
		{A6FF18B3-7612-4619-8144-7367735865DD} = {360464A5-858F-411F-826E-1F32D3708FC8}
		{813B3144-E31C-4A81-B16F-7F45E61DEE5E} = {360464A5-858F-411F-826E-1F32D3708FC8}
		{81A8A6FA-828E-4267-A613-AD9B36FC50F0} = {360464A5-858F-411F-826E-1F32D3708FC8}
		{F8F2ED42-CD7D-4350-A89A-2CECBCEFB503} = {7144D5D8-FFC9-4E55-AE2C-E5F6123612A6}
		{AD3A563C-72C0-4EC3-A605-6CAD312DF15A} = {7144D5D8-FFC9-4E55-AE2C-E5F6123612A6}
		{C0FA610E-8C30-4969-B583-A8022B4B879C} = {D972FA5B-EB9B-4A6A-821C-07907A3CC522}
	EndGlobalSection
	GlobalSection(ExtensibilityGlobals) = postSolution
		SolutionGuid = {6EAA8170-9448-4EF4-AB73-A3EA3C96009B}
	EndGlobalSection
EndGlobal
